
Microsoft Visual Studio Solution File, Format Version 12.00
# Visual Studio Version 16
VisualStudioVersion = 16.0.31313.79
MinimumVisualStudioVersion = 10.0.40219.1
Project("{FAE04EC0-301F-11D3-BF4B-00C04F79EFBC}") = "MC_ComputerSolutions", "MC_ComputerSolutions\MC_ComputerSolutions.csproj", "{ADF2ACDD-3A38-4958-98C2-3DDA68992F4A}"
EndProject
Global
	GlobalSection(SolutionConfigurationPlatforms) = preSolution
		Debug|Any CPU = Debug|Any CPU
		Release|Any CPU = Release|Any CPU
	EndGlobalSection
	GlobalSection(ProjectConfigurationPlatforms) = postSolution
		{ADF2ACDD-3A38-4958-98C2-3DDA68992F4A}.Debug|Any CPU.ActiveCfg = Debug|Any CPU
		{ADF2ACDD-3A38-4958-98C2-3DDA68992F4A}.Debug|Any CPU.Build.0 = Debug|Any CPU
		{ADF2ACDD-3A38-4958-98C2-3DDA68992F4A}.Release|Any CPU.ActiveCfg = Release|Any CPU
		{ADF2ACDD-3A38-4958-98C2-3DDA68992F4A}.Release|Any CPU.Build.0 = Release|Any CPU
	EndGlobalSection
	GlobalSection(SolutionProperties) = preSolution
		HideSolutionNode = FALSE
	EndGlobalSection
	GlobalSection(ExtensibilityGlobals) = postSolution
		SolutionGuid = {E7A70CB9-89D3-4987-A91E-B70DAE980BA8}
	EndGlobalSection
EndGlobal
